// !$*UTF8*$!
{
	archiveVersion = 1;
	classes = {
	};
	objectVersion = 46;
	objects = {

/* Begin PBXBuildFile section */
		495668C818D522000008B881 /* TWTExampleViewController.m in Sources */ = {isa = PBXBuildFile; fileRef = 495668C718D522000008B881 /* TWTExampleViewController.m */; };
		495668CB18D523D30008B881 /* TWTChangingTabsExampleViewController.m in Sources */ = {isa = PBXBuildFile; fileRef = 495668CA18D523D30008B881 /* TWTChangingTabsExampleViewController.m */; };
		495668D118D527F90008B881 /* TWTPresentAnimationController.m in Sources */ = {isa = PBXBuildFile; fileRef = 495668D018D527F90008B881 /* TWTPresentAnimationController.m */; };
		495668D418D52E3E0008B881 /* TWTDismissAnimationController.m in Sources */ = {isa = PBXBuildFile; fileRef = 495668D318D52E3E0008B881 /* TWTDismissAnimationController.m */; };
		495810A918C552090056D5A6 /* Foundation.framework in Frameworks */ = {isa = PBXBuildFile; fileRef = 495810A818C552090056D5A6 /* Foundation.framework */; };
		495810AB18C552090056D5A6 /* CoreGraphics.framework in Frameworks */ = {isa = PBXBuildFile; fileRef = 495810AA18C552090056D5A6 /* CoreGraphics.framework */; };
		495810AD18C552090056D5A6 /* UIKit.framework in Frameworks */ = {isa = PBXBuildFile; fileRef = 495810AC18C552090056D5A6 /* UIKit.framework */; };
		495810B318C552090056D5A6 /* InfoPlist.strings in Resources */ = {isa = PBXBuildFile; fileRef = 495810B118C552090056D5A6 /* InfoPlist.strings */; };
		495810B518C552090056D5A6 /* main.m in Sources */ = {isa = PBXBuildFile; fileRef = 495810B418C552090056D5A6 /* main.m */; };
		495810B918C552090056D5A6 /* TWTAppDelegate.m in Sources */ = {isa = PBXBuildFile; fileRef = 495810B818C552090056D5A6 /* TWTAppDelegate.m */; };
		495810BB18C552090056D5A6 /* Images.xcassets in Resources */ = {isa = PBXBuildFile; fileRef = 495810BA18C552090056D5A6 /* Images.xcassets */; };
		495810DC18C557090056D5A6 /* TWTExamplesListViewController.m in Sources */ = {isa = PBXBuildFile; fileRef = 495810DB18C557090056D5A6 /* TWTExamplesListViewController.m */; };
		495810DE18C55A6A0056D5A6 /* Localizable.strings in Resources */ = {isa = PBXBuildFile; fileRef = 495810DD18C55A6A0056D5A6 /* Localizable.strings */; };
		49887DE018D4C9EF00D4D754 /* TWTExampleConfiguration.m in Sources */ = {isa = PBXBuildFile; fileRef = 49887DDF18D4C9EF00D4D754 /* TWTExampleConfiguration.m */; };
		49887DE318D4CB1D00D4D754 /* TWTPushExampleViewController.m in Sources */ = {isa = PBXBuildFile; fileRef = 49887DE218D4CB1D00D4D754 /* TWTPushExampleViewController.m */; };
		49887DE618D4CF5900D4D754 /* UIColor+TWTNext.m in Sources */ = {isa = PBXBuildFile; fileRef = 49887DE518D4CF5900D4D754 /* UIColor+TWTNext.m */; };
		49C6F5C318D6102C00314E6C /* TWTOverlayExampleViewController.m in Sources */ = {isa = PBXBuildFile; fileRef = 49C6F5C218D6102C00314E6C /* TWTOverlayExampleViewController.m */; };
		B1A7F6A1575442DD8CD14140 /* libPods-CustomTransitions.a in Frameworks */ = {isa = PBXBuildFile; fileRef = 3090AEE6DA4F430B9B390A95 /* libPods-CustomTransitions.a */; };
/* End PBXBuildFile section */

/* Begin PBXFileReference section */
		0FC4917482CDF5626A5C72AD /* Pods-CustomTransitions.debug.xcconfig */ = {isa = PBXFileReference; includeInIndex = 1; lastKnownFileType = text.xcconfig; name = "Pods-CustomTransitions.debug.xcconfig"; path = "Pods/Target Support Files/Pods-CustomTransitions/Pods-CustomTransitions.debug.xcconfig"; sourceTree = "<group>"; };
		23586ED169CC1ECBD76CE5F8 /* Pods-CustomTransitions.release.xcconfig */ = {isa = PBXFileReference; includeInIndex = 1; lastKnownFileType = text.xcconfig; name = "Pods-CustomTransitions.release.xcconfig"; path = "Pods/Target Support Files/Pods-CustomTransitions/Pods-CustomTransitions.release.xcconfig"; sourceTree = "<group>"; };
		3090AEE6DA4F430B9B390A95 /* libPods-CustomTransitions.a */ = {isa = PBXFileReference; explicitFileType = archive.ar; includeInIndex = 0; path = "libPods-CustomTransitions.a"; sourceTree = BUILT_PRODUCTS_DIR; };
		495668C618D522000008B881 /* TWTExampleViewController.h */ = {isa = PBXFileReference; fileEncoding = 4; lastKnownFileType = sourcecode.c.h; path = TWTExampleViewController.h; sourceTree = "<group>"; };
		495668C718D522000008B881 /* TWTExampleViewController.m */ = {isa = PBXFileReference; fileEncoding = 4; lastKnownFileType = sourcecode.c.objc; path = TWTExampleViewController.m; sourceTree = "<group>"; };
		495668C918D523D30008B881 /* TWTChangingTabsExampleViewController.h */ = {isa = PBXFileReference; fileEncoding = 4; lastKnownFileType = sourcecode.c.h; path = TWTChangingTabsExampleViewController.h; sourceTree = "<group>"; };
		495668CA18D523D30008B881 /* TWTChangingTabsExampleViewController.m */ = {isa = PBXFileReference; fileEncoding = 4; lastKnownFileType = sourcecode.c.objc; path = TWTChangingTabsExampleViewController.m; sourceTree = "<group>"; };
		495668CF18D527F90008B881 /* TWTPresentAnimationController.h */ = {isa = PBXFileReference; fileEncoding = 4; lastKnownFileType = sourcecode.c.h; path = TWTPresentAnimationController.h; sourceTree = "<group>"; };
		495668D018D527F90008B881 /* TWTPresentAnimationController.m */ = {isa = PBXFileReference; fileEncoding = 4; lastKnownFileType = sourcecode.c.objc; path = TWTPresentAnimationController.m; sourceTree = "<group>"; };
		495668D218D52E3E0008B881 /* TWTDismissAnimationController.h */ = {isa = PBXFileReference; fileEncoding = 4; lastKnownFileType = sourcecode.c.h; path = TWTDismissAnimationController.h; sourceTree = "<group>"; };
		495668D318D52E3E0008B881 /* TWTDismissAnimationController.m */ = {isa = PBXFileReference; fileEncoding = 4; lastKnownFileType = sourcecode.c.objc; path = TWTDismissAnimationController.m; sourceTree = "<group>"; };
		495810A518C552090056D5A6 /* CustomTransitions.app */ = {isa = PBXFileReference; explicitFileType = wrapper.application; includeInIndex = 0; path = CustomTransitions.app; sourceTree = BUILT_PRODUCTS_DIR; };
		495810A818C552090056D5A6 /* Foundation.framework */ = {isa = PBXFileReference; lastKnownFileType = wrapper.framework; name = Foundation.framework; path = System/Library/Frameworks/Foundation.framework; sourceTree = SDKROOT; };
		495810AA18C552090056D5A6 /* CoreGraphics.framework */ = {isa = PBXFileReference; lastKnownFileType = wrapper.framework; name = CoreGraphics.framework; path = System/Library/Frameworks/CoreGraphics.framework; sourceTree = SDKROOT; };
		495810AC18C552090056D5A6 /* UIKit.framework */ = {isa = PBXFileReference; lastKnownFileType = wrapper.framework; name = UIKit.framework; path = System/Library/Frameworks/UIKit.framework; sourceTree = SDKROOT; };
		495810B018C552090056D5A6 /* CustomTransitions-Info.plist */ = {isa = PBXFileReference; lastKnownFileType = text.plist.xml; name = "CustomTransitions-Info.plist"; path = "Application/CustomTransitions-Info.plist"; sourceTree = "<group>"; };
		495810B218C552090056D5A6 /* en */ = {isa = PBXFileReference; lastKnownFileType = text.plist.strings; name = en; path = en.lproj/InfoPlist.strings; sourceTree = "<group>"; };
		495810B418C552090056D5A6 /* main.m */ = {isa = PBXFileReference; lastKnownFileType = sourcecode.c.objc; name = main.m; path = Application/main.m; sourceTree = "<group>"; };
		495810B618C552090056D5A6 /* CustomTransitions-Prefix.pch */ = {isa = PBXFileReference; lastKnownFileType = sourcecode.c.h; name = "CustomTransitions-Prefix.pch"; path = "Application/CustomTransitions-Prefix.pch"; sourceTree = "<group>"; };
		495810B718C552090056D5A6 /* TWTAppDelegate.h */ = {isa = PBXFileReference; lastKnownFileType = sourcecode.c.h; path = TWTAppDelegate.h; sourceTree = "<group>"; };
		495810B818C552090056D5A6 /* TWTAppDelegate.m */ = {isa = PBXFileReference; lastKnownFileType = sourcecode.c.objc; path = TWTAppDelegate.m; sourceTree = "<group>"; };
		495810BA18C552090056D5A6 /* Images.xcassets */ = {isa = PBXFileReference; lastKnownFileType = folder.assetcatalog; path = Images.xcassets; sourceTree = "<group>"; };
		495810C118C5520A0056D5A6 /* XCTest.framework */ = {isa = PBXFileReference; lastKnownFileType = wrapper.framework; name = XCTest.framework; path = Library/Frameworks/XCTest.framework; sourceTree = DEVELOPER_DIR; };
		495810DA18C557090056D5A6 /* TWTExamplesListViewController.h */ = {isa = PBXFileReference; fileEncoding = 4; lastKnownFileType = sourcecode.c.h; path = TWTExamplesListViewController.h; sourceTree = "<group>"; };
		495810DB18C557090056D5A6 /* TWTExamplesListViewController.m */ = {isa = PBXFileReference; fileEncoding = 4; lastKnownFileType = sourcecode.c.objc; path = TWTExamplesListViewController.m; sourceTree = "<group>"; };
		495810DD18C55A6A0056D5A6 /* Localizable.strings */ = {isa = PBXFileReference; fileEncoding = 4; lastKnownFileType = text.plist.strings; path = Localizable.strings; sourceTree = "<group>"; };
		49887DDE18D4C9EF00D4D754 /* TWTExampleConfiguration.h */ = {isa = PBXFileReference; fileEncoding = 4; lastKnownFileType = sourcecode.c.h; path = TWTExampleConfiguration.h; sourceTree = "<group>"; };
		49887DDF18D4C9EF00D4D754 /* TWTExampleConfiguration.m */ = {isa = PBXFileReference; fileEncoding = 4; lastKnownFileType = sourcecode.c.objc; path = TWTExampleConfiguration.m; sourceTree = "<group>"; };
		49887DE118D4CB1D00D4D754 /* TWTPushExampleViewController.h */ = {isa = PBXFileReference; fileEncoding = 4; lastKnownFileType = sourcecode.c.h; name = TWTPushExampleViewController.h; path = "Examples List/TWTPushExampleViewController.h"; sourceTree = "<group>"; };
		49887DE218D4CB1D00D4D754 /* TWTPushExampleViewController.m */ = {isa = PBXFileReference; fileEncoding = 4; lastKnownFileType = sourcecode.c.objc; name = TWTPushExampleViewController.m; path = "Examples List/TWTPushExampleViewController.m"; sourceTree = "<group>"; };
		49887DE418D4CF5900D4D754 /* UIColor+TWTNext.h */ = {isa = PBXFileReference; fileEncoding = 4; lastKnownFileType = sourcecode.c.h; path = "UIColor+TWTNext.h"; sourceTree = "<group>"; };
		49887DE518D4CF5900D4D754 /* UIColor+TWTNext.m */ = {isa = PBXFileReference; fileEncoding = 4; lastKnownFileType = sourcecode.c.objc; path = "UIColor+TWTNext.m"; sourceTree = "<group>"; };
		49C6F5C118D6102C00314E6C /* TWTOverlayExampleViewController.h */ = {isa = PBXFileReference; fileEncoding = 4; lastKnownFileType = sourcecode.c.h; path = TWTOverlayExampleViewController.h; sourceTree = "<group>"; };
		49C6F5C218D6102C00314E6C /* TWTOverlayExampleViewController.m */ = {isa = PBXFileReference; fileEncoding = 4; lastKnownFileType = sourcecode.c.objc; path = TWTOverlayExampleViewController.m; sourceTree = "<group>"; };
/* End PBXFileReference section */

/* Begin PBXFrameworksBuildPhase section */
		495810A218C552090056D5A6 /* Frameworks */ = {
			isa = PBXFrameworksBuildPhase;
			buildActionMask = 2147483647;
			files = (
				495810AB18C552090056D5A6 /* CoreGraphics.framework in Frameworks */,
				495810AD18C552090056D5A6 /* UIKit.framework in Frameworks */,
				495810A918C552090056D5A6 /* Foundation.framework in Frameworks */,
				B1A7F6A1575442DD8CD14140 /* libPods-CustomTransitions.a in Frameworks */,
			);
			runOnlyForDeploymentPostprocessing = 0;
		};
/* End PBXFrameworksBuildPhase section */

/* Begin PBXGroup section */
		495668CC18D526350008B881 /* Push Pop Example */ = {
			isa = PBXGroup;
			children = (
				49887DE118D4CB1D00D4D754 /* TWTPushExampleViewController.h */,
				49887DE218D4CB1D00D4D754 /* TWTPushExampleViewController.m */,
			);
			name = "Push Pop Example";
			path = ..;
			sourceTree = "<group>";
		};
		495668CD18D5265E0008B881 /* Changing Tabs Example */ = {
			isa = PBXGroup;
			children = (
				495668C918D523D30008B881 /* TWTChangingTabsExampleViewController.h */,
				495668CA18D523D30008B881 /* TWTChangingTabsExampleViewController.m */,
			);
			name = "Changing Tabs Example";
			sourceTree = "<group>";
		};
		495668CE18D5266A0008B881 /* Present Dismiss Example */ = {
			isa = PBXGroup;
			children = (
				49C6F5C118D6102C00314E6C /* TWTOverlayExampleViewController.h */,
				49C6F5C218D6102C00314E6C /* TWTOverlayExampleViewController.m */,
				495668CF18D527F90008B881 /* TWTPresentAnimationController.h */,
				495668D018D527F90008B881 /* TWTPresentAnimationController.m */,
				495668D218D52E3E0008B881 /* TWTDismissAnimationController.h */,
				495668D318D52E3E0008B881 /* TWTDismissAnimationController.m */,
			);
			name = "Present Dismiss Example";
			sourceTree = "<group>";
		};
		4958109C18C552090056D5A6 = {
			isa = PBXGroup;
			children = (
				495810AE18C552090056D5A6 /* CustomTransitions */,
				495810A718C552090056D5A6 /* Frameworks */,
				495810A618C552090056D5A6 /* Products */,
				79D521E4C1347D7886D9A072 /* Pods */,
			);
			sourceTree = "<group>";
		};
		495810A618C552090056D5A6 /* Products */ = {
			isa = PBXGroup;
			children = (
				495810A518C552090056D5A6 /* CustomTransitions.app */,
			);
			name = Products;
			sourceTree = "<group>";
		};
		495810A718C552090056D5A6 /* Frameworks */ = {
			isa = PBXGroup;
			children = (
				495810A818C552090056D5A6 /* Foundation.framework */,
				495810AA18C552090056D5A6 /* CoreGraphics.framework */,
				495810AC18C552090056D5A6 /* UIKit.framework */,
				495810C118C5520A0056D5A6 /* XCTest.framework */,
				3090AEE6DA4F430B9B390A95 /* libPods-CustomTransitions.a */,
			);
			name = Frameworks;
			sourceTree = "<group>";
		};
		495810AE18C552090056D5A6 /* CustomTransitions */ = {
			isa = PBXGroup;
			children = (
				495810D718C556170056D5A6 /* Application */,
				495810D818C556B30056D5A6 /* View Controllers */,
			);
			path = CustomTransitions;
			sourceTree = "<group>";
		};
		495810AF18C552090056D5A6 /* Supporting Files */ = {
			isa = PBXGroup;
			children = (
				495810B018C552090056D5A6 /* CustomTransitions-Info.plist */,
				495810B118C552090056D5A6 /* InfoPlist.strings */,
				495810B418C552090056D5A6 /* main.m */,
				495810B618C552090056D5A6 /* CustomTransitions-Prefix.pch */,
			);
			name = "Supporting Files";
			path = ..;
			sourceTree = "<group>";
		};
		495810D718C556170056D5A6 /* Application */ = {
			isa = PBXGroup;
			children = (
				495810B718C552090056D5A6 /* TWTAppDelegate.h */,
				495810B818C552090056D5A6 /* TWTAppDelegate.m */,
				495810BA18C552090056D5A6 /* Images.xcassets */,
				495810DD18C55A6A0056D5A6 /* Localizable.strings */,
				495810AF18C552090056D5A6 /* Supporting Files */,
				49887DE418D4CF5900D4D754 /* UIColor+TWTNext.h */,
				49887DE518D4CF5900D4D754 /* UIColor+TWTNext.m */,
			);
			path = Application;
			sourceTree = "<group>";
		};
		495810D818C556B30056D5A6 /* View Controllers */ = {
			isa = PBXGroup;
			children = (
				495810D918C556F10056D5A6 /* Examples List */,
			);
			path = "View Controllers";
			sourceTree = "<group>";
		};
		495810D918C556F10056D5A6 /* Examples List */ = {
			isa = PBXGroup;
			children = (
				495810DA18C557090056D5A6 /* TWTExamplesListViewController.h */,
				495810DB18C557090056D5A6 /* TWTExamplesListViewController.m */,
				49887DDE18D4C9EF00D4D754 /* TWTExampleConfiguration.h */,
				49887DDF18D4C9EF00D4D754 /* TWTExampleConfiguration.m */,
				495668C618D522000008B881 /* TWTExampleViewController.h */,
				495668C718D522000008B881 /* TWTExampleViewController.m */,
				495668CC18D526350008B881 /* Push Pop Example */,
				495668CD18D5265E0008B881 /* Changing Tabs Example */,
				495668CE18D5266A0008B881 /* Present Dismiss Example */,
			);
			path = "Examples List";
			sourceTree = "<group>";
		};
		79D521E4C1347D7886D9A072 /* Pods */ = {
			isa = PBXGroup;
			children = (
				0FC4917482CDF5626A5C72AD /* Pods-CustomTransitions.debug.xcconfig */,
				23586ED169CC1ECBD76CE5F8 /* Pods-CustomTransitions.release.xcconfig */,
			);
			name = Pods;
			sourceTree = "<group>";
		};
/* End PBXGroup section */

/* Begin PBXNativeTarget section */
		495810A418C552090056D5A6 /* CustomTransitions */ = {
			isa = PBXNativeTarget;
			buildConfigurationList = 495810D118C5520A0056D5A6 /* Build configuration list for PBXNativeTarget "CustomTransitions" */;
			buildPhases = (
				49A2DBD3ED3848879546E995 /* Check Pods Manifest.lock */,
				495810A118C552090056D5A6 /* Sources */,
				495810A218C552090056D5A6 /* Frameworks */,
				495810A318C552090056D5A6 /* Resources */,
				1AD6247A484A4834B6F028A4 /* Copy Pods Resources */,
			);
			buildRules = (
			);
			dependencies = (
			);
			name = CustomTransitions;
			productName = CustomTransitions;
			productReference = 495810A518C552090056D5A6 /* CustomTransitions.app */;
			productType = "com.apple.product-type.application";
		};
/* End PBXNativeTarget section */

/* Begin PBXProject section */
		4958109D18C552090056D5A6 /* Project object */ = {
			isa = PBXProject;
			attributes = {
				CLASSPREFIX = TWT;
				LastUpgradeCheck = 0510;
				ORGANIZATIONNAME = "Two Toasters, LLC";
			};
			buildConfigurationList = 495810A018C552090056D5A6 /* Build configuration list for PBXProject "CustomTransitions" */;
			compatibilityVersion = "Xcode 3.2";
			developmentRegion = English;
			hasScannedForEncodings = 0;
			knownRegions = (
				en,
			);
			mainGroup = 4958109C18C552090056D5A6;
			productRefGroup = 495810A618C552090056D5A6 /* Products */;
			projectDirPath = "";
			projectRoot = "";
			targets = (
				495810A418C552090056D5A6 /* CustomTransitions */,
			);
		};
/* End PBXProject section */

/* Begin PBXResourcesBuildPhase section */
		495810A318C552090056D5A6 /* Resources */ = {
			isa = PBXResourcesBuildPhase;
			buildActionMask = 2147483647;
			files = (
				495810B318C552090056D5A6 /* InfoPlist.strings in Resources */,
				495810DE18C55A6A0056D5A6 /* Localizable.strings in Resources */,
				495810BB18C552090056D5A6 /* Images.xcassets in Resources */,
			);
			runOnlyForDeploymentPostprocessing = 0;
		};
/* End PBXResourcesBuildPhase section */

/* Begin PBXShellScriptBuildPhase section */
		1AD6247A484A4834B6F028A4 /* Copy Pods Resources */ = {
			isa = PBXShellScriptBuildPhase;
			buildActionMask = 2147483647;
			files = (
			);
			inputPaths = (
			);
			name = "Copy Pods Resources";
			outputPaths = (
			);
			runOnlyForDeploymentPostprocessing = 0;
			shellPath = /bin/sh;
			shellScript = "\"${SRCROOT}/Pods/Target Support Files/Pods-CustomTransitions/Pods-CustomTransitions-resources.sh\"\n";
			showEnvVarsInLog = 0;
		};
		49A2DBD3ED3848879546E995 /* Check Pods Manifest.lock */ = {
			isa = PBXShellScriptBuildPhase;
			buildActionMask = 2147483647;
			files = (
			);
			inputPaths = (
			);
			name = "Check Pods Manifest.lock";
			outputPaths = (
			);
			runOnlyForDeploymentPostprocessing = 0;
			shellPath = /bin/sh;
			shellScript = "diff \"${PODS_ROOT}/../Podfile.lock\" \"${PODS_ROOT}/Manifest.lock\" > /dev/null\nif [[ $? != 0 ]] ; then\n    cat << EOM\nerror: The sandbox is not in sync with the Podfile.lock. Run 'pod install' or update your CocoaPods installation.\nEOM\n    exit 1\nfi\n";
			showEnvVarsInLog = 0;
		};
/* End PBXShellScriptBuildPhase section */

/* Begin PBXSourcesBuildPhase section */
		495810A118C552090056D5A6 /* Sources */ = {
			isa = PBXSourcesBuildPhase;
			buildActionMask = 2147483647;
			files = (
				495668D118D527F90008B881 /* TWTPresentAnimationController.m in Sources */,
				49887DE318D4CB1D00D4D754 /* TWTPushExampleViewController.m in Sources */,
				495810B918C552090056D5A6 /* TWTAppDelegate.m in Sources */,
				49887DE618D4CF5900D4D754 /* UIColor+TWTNext.m in Sources */,
				495810B518C552090056D5A6 /* main.m in Sources */,
				495668D418D52E3E0008B881 /* TWTDismissAnimationController.m in Sources */,
				495668CB18D523D30008B881 /* TWTChangingTabsExampleViewController.m in Sources */,
				49C6F5C318D6102C00314E6C /* TWTOverlayExampleViewController.m in Sources */,
				495810DC18C557090056D5A6 /* TWTExamplesListViewController.m in Sources */,
				49887DE018D4C9EF00D4D754 /* TWTExampleConfiguration.m in Sources */,
				495668C818D522000008B881 /* TWTExampleViewController.m in Sources */,
			);
			runOnlyForDeploymentPostprocessing = 0;
		};
/* End PBXSourcesBuildPhase section */

/* Begin PBXVariantGroup section */
		495810B118C552090056D5A6 /* InfoPlist.strings */ = {
			isa = PBXVariantGroup;
			children = (
				495810B218C552090056D5A6 /* en */,
			);
			name = InfoPlist.strings;
			path = Application;
			sourceTree = "<group>";
		};
/* End PBXVariantGroup section */

/* Begin XCBuildConfiguration section */
		495810CF18C5520A0056D5A6 /* Debug */ = {
			isa = XCBuildConfiguration;
			buildSettings = {
				ALWAYS_SEARCH_USER_PATHS = NO;
				CLANG_CXX_LANGUAGE_STANDARD = "gnu++0x";
				CLANG_CXX_LIBRARY = "libc++";
				CLANG_ENABLE_MODULES = YES;
				CLANG_ENABLE_OBJC_ARC = YES;
				CLANG_WARN_BOOL_CONVERSION = YES;
				CLANG_WARN_CONSTANT_CONVERSION = YES;
				CLANG_WARN_DIRECT_OBJC_ISA_USAGE = YES_ERROR;
				CLANG_WARN_EMPTY_BODY = YES;
				CLANG_WARN_ENUM_CONVERSION = YES;
				CLANG_WARN_INT_CONVERSION = YES;
				CLANG_WARN_OBJC_ROOT_CLASS = YES_ERROR;
				CLANG_WARN__DUPLICATE_METHOD_MATCH = YES;
				"CODE_SIGN_IDENTITY[sdk=iphoneos*]" = "iPhone Developer";
				COPY_PHASE_STRIP = NO;
				GCC_C_LANGUAGE_STANDARD = gnu99;
				GCC_DYNAMIC_NO_PIC = NO;
				GCC_OPTIMIZATION_LEVEL = 0;
				GCC_PREPROCESSOR_DEFINITIONS = (
					"DEBUG=1",
					"$(inherited)",
				);
				GCC_SYMBOLS_PRIVATE_EXTERN = NO;
				GCC_WARN_64_TO_32_BIT_CONVERSION = YES;
				GCC_WARN_ABOUT_RETURN_TYPE = YES_ERROR;
				GCC_WARN_UNDECLARED_SELECTOR = YES;
				GCC_WARN_UNINITIALIZED_AUTOS = YES;
				GCC_WARN_UNUSED_FUNCTION = YES;
				GCC_WARN_UNUSED_VARIABLE = YES;
				IPHONEOS_DEPLOYMENT_TARGET = 7.0;
				ONLY_ACTIVE_ARCH = YES;
				SDKROOT = iphoneos;
			};
			name = Debug;
		};
		495810D018C5520A0056D5A6 /* Release */ = {
			isa = XCBuildConfiguration;
			buildSettings = {
				ALWAYS_SEARCH_USER_PATHS = NO;
				CLANG_CXX_LANGUAGE_STANDARD = "gnu++0x";
				CLANG_CXX_LIBRARY = "libc++";
				CLANG_ENABLE_MODULES = YES;
				CLANG_ENABLE_OBJC_ARC = YES;
				CLANG_WARN_BOOL_CONVERSION = YES;
				CLANG_WARN_CONSTANT_CONVERSION = YES;
				CLANG_WARN_DIRECT_OBJC_ISA_USAGE = YES_ERROR;
				CLANG_WARN_EMPTY_BODY = YES;
				CLANG_WARN_ENUM_CONVERSION = YES;
				CLANG_WARN_INT_CONVERSION = YES;
				CLANG_WARN_OBJC_ROOT_CLASS = YES_ERROR;
				CLANG_WARN__DUPLICATE_METHOD_MATCH = YES;
				"CODE_SIGN_IDENTITY[sdk=iphoneos*]" = "iPhone Developer";
				COPY_PHASE_STRIP = YES;
				ENABLE_NS_ASSERTIONS = NO;
				GCC_C_LANGUAGE_STANDARD = gnu99;
				GCC_WARN_64_TO_32_BIT_CONVERSION = YES;
				GCC_WARN_ABOUT_RETURN_TYPE = YES_ERROR;
				GCC_WARN_UNDECLARED_SELECTOR = YES;
				GCC_WARN_UNINITIALIZED_AUTOS = YES;
				GCC_WARN_UNUSED_FUNCTION = YES;
				GCC_WARN_UNUSED_VARIABLE = YES;
				IPHONEOS_DEPLOYMENT_TARGET = 7.0;
				SDKROOT = iphoneos;
				VALIDATE_PRODUCT = YES;
			};
			name = Release;
		};
		495810D218C5520A0056D5A6 /* Debug */ = {
			isa = XCBuildConfiguration;
			baseConfigurationReference = 0FC4917482CDF5626A5C72AD /* Pods-CustomTransitions.debug.xcconfig */;
			buildSettings = {
				ASSETCATALOG_COMPILER_APPICON_NAME = AppIcon;
				ASSETCATALOG_COMPILER_LAUNCHIMAGE_NAME = LaunchImage;
				GCC_PRECOMPILE_PREFIX_HEADER = YES;
				GCC_PREFIX_HEADER = "CustomTransitions/Application/CustomTransitions-Prefix.pch";
				INFOPLIST_FILE = "$(SRCROOT)/CustomTransitions/Application/CustomTransitions-Info.plist";
				PRODUCT_NAME = "$(TARGET_NAME)";
				WRAPPER_EXTENSION = app;
			};
			name = Debug;
		};
		495810D318C5520A0056D5A6 /* Release */ = {
			isa = XCBuildConfiguration;
			baseConfigurationReference = 23586ED169CC1ECBD76CE5F8 /* Pods-CustomTransitions.release.xcconfig */;
			buildSettings = {
				ASSETCATALOG_COMPILER_APPICON_NAME = AppIcon;
				ASSETCATALOG_COMPILER_LAUNCHIMAGE_NAME = LaunchImage;
				GCC_PRECOMPILE_PREFIX_HEADER = YES;
				GCC_PREFIX_HEADER = "CustomTransitions/Application/CustomTransitions-Prefix.pch";
				INFOPLIST_FILE = "$(SRCROOT)/CustomTransitions/Application/CustomTransitions-Info.plist";
				PRODUCT_NAME = "$(TARGET_NAME)";
				WRAPPER_EXTENSION = app;
			};
			name = Release;
		};
/* End XCBuildConfiguration section */

/* Begin XCConfigurationList section */
		495810A018C552090056D5A6 /* Build configuration list for PBXProject "CustomTransitions" */ = {
			isa = XCConfigurationList;
			buildConfigurations = (
				495810CF18C5520A0056D5A6 /* Debug */,
				495810D018C5520A0056D5A6 /* Release */,
			);
			defaultConfigurationIsVisible = 0;
			defaultConfigurationName = Release;
		};
		495810D118C5520A0056D5A6 /* Build configuration list for PBXNativeTarget "CustomTransitions" */ = {
			isa = XCConfigurationList;
			buildConfigurations = (
				495810D218C5520A0056D5A6 /* Debug */,
				495810D318C5520A0056D5A6 /* Release */,
			);
			defaultConfigurationIsVisible = 0;
			defaultConfigurationName = Release;
		};
/* End XCConfigurationList section */
	};
	rootObject = 4958109D18C552090056D5A6 /* Project object */;
}
